
Microsoft Visual Studio Solution File, Format Version 12.00
# Visual Studio 15
VisualStudioVersion = 15.0.27428.2015
MinimumVisualStudioVersion = 10.0.40219.1
Project("{FAE04EC0-301F-11D3-BF4B-00C04F79EFBC}") = "SecMasterAPI", "SecMasterApiIdentityServer\SecMasterAPI.csproj", "{3B143590-3F1F-4EAB-B887-594C22FCA21C}"
EndProject
Project("{E53339B2-1760-4266-BCC7-CA923CBCF16C}") = "docker-compose", "docker-compose.dcproj", "{7FB35089-712E-469F-8017-0B024B274637}"
EndProject
Project("{FAE04EC0-301F-11D3-BF4B-00C04F79EFBC}") = "IdentityServer", "IdentityServer\IdentityServer.csproj", "{38D6A4AA-645B-42E9-8692-4C4670378148}"
EndProject
Global
	GlobalSection(SolutionConfigurationPlatforms) = preSolution
		Debug|Any CPU = Debug|Any CPU
		Release|Any CPU = Release|Any CPU
	EndGlobalSection
	GlobalSection(ProjectConfigurationPlatforms) = postSolution
		{3B143590-3F1F-4EAB-B887-594C22FCA21C}.Debug|Any CPU.ActiveCfg = Debug|Any CPU
		{3B143590-3F1F-4EAB-B887-594C22FCA21C}.Debug|Any CPU.Build.0 = Debug|Any CPU
		{3B143590-3F1F-4EAB-B887-594C22FCA21C}.Release|Any CPU.ActiveCfg = Release|Any CPU
		{3B143590-3F1F-4EAB-B887-594C22FCA21C}.Release|Any CPU.Build.0 = Release|Any CPU
		{7FB35089-712E-469F-8017-0B024B274637}.Debug|Any CPU.ActiveCfg = Debug|Any CPU
		{7FB35089-712E-469F-8017-0B024B274637}.Debug|Any CPU.Build.0 = Debug|Any CPU
		{7FB35089-712E-469F-8017-0B024B274637}.Release|Any CPU.ActiveCfg = Release|Any CPU
		{7FB35089-712E-469F-8017-0B024B274637}.Release|Any CPU.Build.0 = Release|Any CPU
		{38D6A4AA-645B-42E9-8692-4C4670378148}.Debug|Any CPU.ActiveCfg = Debug|Any CPU
		{38D6A4AA-645B-42E9-8692-4C4670378148}.Debug|Any CPU.Build.0 = Debug|Any CPU
		{38D6A4AA-645B-42E9-8692-4C4670378148}.Release|Any CPU.ActiveCfg = Release|Any CPU
		{38D6A4AA-645B-42E9-8692-4C4670378148}.Release|Any CPU.Build.0 = Release|Any CPU
	EndGlobalSection
	GlobalSection(SolutionProperties) = preSolution
		HideSolutionNode = FALSE
	EndGlobalSection
	GlobalSection(ExtensibilityGlobals) = postSolution
		SolutionGuid = {5F83E7E1-A643-496B-8673-8A72B3EBB8F5}
	EndGlobalSection
EndGlobal
